
Microsoft Visual Studio Solution File, Format Version 12.00
# Visual Studio Version 17
VisualStudioVersion = 17.7.34024.191
MinimumVisualStudioVersion = 10.0.40219.1
Project("{FAE04EC0-301F-11D3-BF4B-00C04F79EFBC}") = "ControlPCinTelegram", "ControlPCinTelegram\ControlPCinTelegram.csproj", "{64C72C77-6752-44E4-B084-2F00B3B91472}"
EndProject
Global
	GlobalSection(SolutionConfigurationPlatforms) = preSolution
		Debug|Any CPU = Debug|Any CPU
		Release|Any CPU = Release|Any CPU
	EndGlobalSection
	GlobalSection(ProjectConfigurationPlatforms) = postSolution
		{64C72C77-6752-44E4-B084-2F00B3B91472}.Debug|Any CPU.ActiveCfg = Debug|Any CPU
		{64C72C77-6752-44E4-B084-2F00B3B91472}.Debug|Any CPU.Build.0 = Debug|Any CPU
		{64C72C77-6752-44E4-B084-2F00B3B91472}.Release|Any CPU.ActiveCfg = Release|Any CPU
		{64C72C77-6752-44E4-B084-2F00B3B91472}.Release|Any CPU.Build.0 = Release|Any CPU
	EndGlobalSection
	GlobalSection(SolutionProperties) = preSolution
		HideSolutionNode = FALSE
	EndGlobalSection
	GlobalSection(ExtensibilityGlobals) = postSolution
		SolutionGuid = {EB0B822F-34B1-4684-9DED-5214DDCC9B92}
	EndGlobalSection
EndGlobal
